PODS:
  - Action (3.5.0):
    - RxCocoa (~> 4.0)
    - RxSwift (~> 4.0)
  - Alamofire (4.7.2)
  - CGFloatLiteral (0.4.0)
  - Differentiator (3.0.2)
  - DZNEmptyDataSet (1.8.1)
  - IQKeyboardManagerSwift (6.0.2)
  - Kingfisher (4.7.0)
  - MBProgressHUD (1.1.0)
  - MJRefresh (3.1.15.3)
  - Moya (11.0.2):
    - Moya/Core (= 11.0.2)
  - Moya/Core (11.0.2):
    - Alamofire (~> 4.1)
    - Result (~> 3.0)
  - Moya/RxSwift (11.0.2):
    - Moya/Core
    - RxSwift (~> 4.0)
  - "NSObject+Rx (4.3.0)":
    - RxSwift (~> 4.0)
  - ObjectMapper (3.1.0)
  - ReactorKit (1.1.0):
    - RxSwift (>= 4.0.0)
  - Result (3.2.4)
  - ReusableKit/Core (2.0.1)
  - ReusableKit/RxSwift (2.0.1):
    - ReusableKit/Core
    - RxCocoa (>= 4.0.0-beta.0)
    - RxSwift (>= 4.0.0-beta.0)
  - RxCocoa (4.1.2):
    - RxSwift (~> 4.0)
  - RxDataSources (3.0.2):
    - Differentiator (~> 3.0)
    - RxCocoa (~> 4.0)
    - RxSwift (~> 4.0)
  - RxOptional (3.4.0):
    - RxCocoa (~> 4.0)
    - RxSwift (~> 4.0)
  - RxSwift (4.1.2)
  - SnapKit (3.0.2)
  - SVProgressHUD (2.2.5)
  - SwiftyBeaver (1.5.2)
  - Then (2.3.0)
  - Toast (4.0.0)
  - TZImagePickerController (2.1.1)
  - YYText (1.0.7)

DEPENDENCIES:
  - Action
  - Alamofire
  - CGFloatLiteral (~> 0.2)
  - DZNEmptyDataSet
  - IQKeyboardManagerSwift
  - Kingfisher
  - MBProgressHUD
  - MJRefresh
  - Moya
  - Moya/RxSwift
  - "NSObject+Rx"
  - ObjectMapper
  - ReactorKit
  - ReusableKit/RxSwift
  - RxCocoa
  - RxDataSources
  - RxOptional
  - RxSwift
  - SnapKit (~> 3.0.2)
  - SVProgressHUD
  - SwiftyBeaver
  - Then
  - Toast
  - TZImagePickerController
  - YYText

SPEC REPOS:
  https://github.com/CocoaPods/Specs.git:
    - Action
    - Alamofire
    - CGFloatLiteral
    - Differentiator
    - DZNEmptyDataSet
    - IQKeyboardManagerSwift
    - Kingfisher
    - MBProgressHUD
    - MJRefresh
    - Moya
    - "NSObject+Rx"
    - ObjectMapper
    - ReactorKit
    - Result
    - ReusableKit
    - RxCocoa
    - RxDataSources
    - RxOptional
    - RxSwift
    - SnapKit
    - SVProgressHUD
    - SwiftyBeaver
    - Then
    - Toast
    - TZImagePickerController
    - YYText

SPEC CHECKSUMS:
  Action: d60087ebce41b969d1afdad01e2fa1372a82f26e
  Alamofire: e4fa87002c137ba2d8d634d2c51fabcda0d5c223
  CGFloatLiteral: 2ab558b74124b584dd023a35b7e41795a61d8140
  Differentiator: a87be69eba49ec4ab460c7671143ee3a9eececfd
  DZNEmptyDataSet: 9525833b9e68ac21c30253e1d3d7076cc828eaa7
  IQKeyboardManagerSwift: 59d4b0e140bc546c3c76ae5bb35b3dafd10b8172
  Kingfisher: da6b005aa96d37698e3e4f1ccfe96a5b9bbf27d6
  MBProgressHUD: e7baa36a220447d8aeb12769bf0585582f3866d9
  MJRefresh: b48380ae2b927b46c4ef000de9adb8dc748e1df7
  Moya: a725035953bc1c0eb1be505ab903984501d82440
  "NSObject+Rx": 9a5eeff5e08156f849fa973514456f28eef08742
  ObjectMapper: 20505058f54e5c3ca69e1d6de9897d152a5369a6
  ReactorKit: 26470a9eff5094fae909a30af0be7cd0cf8a182d
  Result: d2d07204ce72856f1fd9130bbe42c35a7b0fea10
  ReusableKit: 11b5bde14553a35bcf3979412dbfd1e690392f14
  RxCocoa: d88ba0f1f6abf040011a9eb4b539324fc426843a
  RxDataSources: cb7c31e652a87ebb919da45f716bbb87b3765f6b
  RxOptional: fabc37fc8e3cf4c336ebaeb5c92b576c64b2e6c5
  RxSwift: e49536837d9901277638493ea537394d4b55f570
  SnapKit: 2e456761aa92d4d4067a7a5594c18769d451a8ad
  SVProgressHUD: 1428aafac632c1f86f62aa4243ec12008d7a51d6
  SwiftyBeaver: 85daaaa2b3ae6e31b7b55c99430e8b91dac088af
  Then: ee21c97b85ff6062b9b0080c9abb1eea46743345
  Toast: 91b396c56ee72a5790816f40d3a94dd357abc196
  TZImagePickerController: 788184b04158006b25ffdbccbb550bfc193e9d9c
  YYText: 5c461d709e24d55a182d1441c41dc639a18a4849

PODFILE CHECKSUM: dfa66562f211f6766a055252f6909bb3bc1d5ef2

COCOAPODS: 1.5.0
